
Microsoft Visual Studio Solution File, Format Version 12.00
# Visual Studio Version 17
VisualStudioVersion = 17.4.33122.133
MinimumVisualStudioVersion = 10.0.40219.1
Project("{FAE04EC0-301F-11D3-BF4B-00C04F79EFBC}") = "TelephoneBook", "TelephoneBook\TelephoneBook.csproj", "{517D8E69-16DF-4F79-86C3-841C62451B06}"
EndProject
Global
	GlobalSection(SolutionConfigurationPlatforms) = preSolution
		Debug|Any CPU = Debug|Any CPU
		Release|Any CPU = Release|Any CPU
	EndGlobalSection
	GlobalSection(ProjectConfigurationPlatforms) = postSolution
		{517D8E69-16DF-4F79-86C3-841C62451B06}.Debug|Any CPU.ActiveCfg = Debug|Any CPU
		{517D8E69-16DF-4F79-86C3-841C62451B06}.Debug|Any CPU.Build.0 = Debug|Any CPU
		{517D8E69-16DF-4F79-86C3-841C62451B06}.Release|Any CPU.ActiveCfg = Release|Any CPU
		{517D8E69-16DF-4F79-86C3-841C62451B06}.Release|Any CPU.Build.0 = Release|Any CPU
	EndGlobalSection
	GlobalSection(SolutionProperties) = preSolution
		HideSolutionNode = FALSE
	EndGlobalSection
	GlobalSection(ExtensibilityGlobals) = postSolution
		SolutionGuid = {11E3D54E-AA8F-4C57-AF04-45C275C60404}
	EndGlobalSection
EndGlobal
